
Microsoft Visual Studio Solution File, Format Version 12.00
# Visual Studio 15
VisualStudioVersion = 15.0.26124.0
MinimumVisualStudioVersion = 15.0.26124.0
Project("{2150E333-8FDC-42A3-9474-1A3956D46DE8}") = "src", "src", "{B6613CB9-15D8-4729-A166-492889F18D48}"
EndProject
Project("{2150E333-8FDC-42A3-9474-1A3956D46DE8}") = "Catalog", "Catalog", "{3C366AD2-6A8B-407F-B47D-804238CB1505}"
EndProject
Project("{FAE04EC0-301F-11D3-BF4B-00C04F79EFBC}") = "Catalog.API", "src\Catalog\Catalog.API\Catalog.API.csproj", "{5ADE18B7-0BFF-49D4-B593-0C79104164BD}"
EndProject
Project("{2150E333-8FDC-42A3-9474-1A3956D46DE8}") = "Cart", "Cart", "{41050B96-81F7-4C47-8288-9B3CB4A05975}"
EndProject
Project("{FAE04EC0-301F-11D3-BF4B-00C04F79EFBC}") = "Cart.API", "src\Cart\Cart.API\Cart.API.csproj", "{7AFE21B5-7015-4E6A-8BB2-983A2DBBDC6B}"
EndProject
Project("{2150E333-8FDC-42A3-9474-1A3956D46DE8}") = "Common", "Common", "{63A112F2-85AC-4AB4-A401-135C9CAF9D21}"
EndProject
Project("{FAE04EC0-301F-11D3-BF4B-00C04F79EFBC}") = "EventBusRabbitMq", "src\Common\EventBusRabbitMq\EventBusRabbitMq.csproj", "{88AB7311-78A6-482C-9DE7-97E0C68E5F60}"
EndProject
Global
	GlobalSection(SolutionConfigurationPlatforms) = preSolution
		Debug|Any CPU = Debug|Any CPU
		Debug|x64 = Debug|x64
		Debug|x86 = Debug|x86
		Release|Any CPU = Release|Any CPU
		Release|x64 = Release|x64
		Release|x86 = Release|x86
	EndGlobalSection
	GlobalSection(SolutionProperties) = preSolution
		HideSolutionNode = FALSE
	EndGlobalSection
	GlobalSection(ProjectConfigurationPlatforms) = postSolution
		{5ADE18B7-0BFF-49D4-B593-0C79104164BD}.Debug|Any CPU.ActiveCfg = Debug|Any CPU
		{5ADE18B7-0BFF-49D4-B593-0C79104164BD}.Debug|Any CPU.Build.0 = Debug|Any CPU
		{5ADE18B7-0BFF-49D4-B593-0C79104164BD}.Debug|x64.ActiveCfg = Debug|Any CPU
		{5ADE18B7-0BFF-49D4-B593-0C79104164BD}.Debug|x64.Build.0 = Debug|Any CPU
		{5ADE18B7-0BFF-49D4-B593-0C79104164BD}.Debug|x86.ActiveCfg = Debug|Any CPU
		{5ADE18B7-0BFF-49D4-B593-0C79104164BD}.Debug|x86.Build.0 = Debug|Any CPU
		{5ADE18B7-0BFF-49D4-B593-0C79104164BD}.Release|Any CPU.ActiveCfg = Release|Any CPU
		{5ADE18B7-0BFF-49D4-B593-0C79104164BD}.Release|Any CPU.Build.0 = Release|Any CPU
		{5ADE18B7-0BFF-49D4-B593-0C79104164BD}.Release|x64.ActiveCfg = Release|Any CPU
		{5ADE18B7-0BFF-49D4-B593-0C79104164BD}.Release|x64.Build.0 = Release|Any CPU
		{5ADE18B7-0BFF-49D4-B593-0C79104164BD}.Release|x86.ActiveCfg = Release|Any CPU
		{5ADE18B7-0BFF-49D4-B593-0C79104164BD}.Release|x86.Build.0 = Release|Any CPU
		{7AFE21B5-7015-4E6A-8BB2-983A2DBBDC6B}.Debug|Any CPU.ActiveCfg = Debug|Any CPU
		{7AFE21B5-7015-4E6A-8BB2-983A2DBBDC6B}.Debug|Any CPU.Build.0 = Debug|Any CPU
		{7AFE21B5-7015-4E6A-8BB2-983A2DBBDC6B}.Debug|x64.ActiveCfg = Debug|Any CPU
		{7AFE21B5-7015-4E6A-8BB2-983A2DBBDC6B}.Debug|x64.Build.0 = Debug|Any CPU
		{7AFE21B5-7015-4E6A-8BB2-983A2DBBDC6B}.Debug|x86.ActiveCfg = Debug|Any CPU
		{7AFE21B5-7015-4E6A-8BB2-983A2DBBDC6B}.Debug|x86.Build.0 = Debug|Any CPU
		{7AFE21B5-7015-4E6A-8BB2-983A2DBBDC6B}.Release|Any CPU.ActiveCfg = Release|Any CPU
		{7AFE21B5-7015-4E6A-8BB2-983A2DBBDC6B}.Release|Any CPU.Build.0 = Release|Any CPU
		{7AFE21B5-7015-4E6A-8BB2-983A2DBBDC6B}.Release|x64.ActiveCfg = Release|Any CPU
		{7AFE21B5-7015-4E6A-8BB2-983A2DBBDC6B}.Release|x64.Build.0 = Release|Any CPU
		{7AFE21B5-7015-4E6A-8BB2-983A2DBBDC6B}.Release|x86.ActiveCfg = Release|Any CPU
		{7AFE21B5-7015-4E6A-8BB2-983A2DBBDC6B}.Release|x86.Build.0 = Release|Any CPU
		{88AB7311-78A6-482C-9DE7-97E0C68E5F60}.Debug|Any CPU.ActiveCfg = Debug|Any CPU
		{88AB7311-78A6-482C-9DE7-97E0C68E5F60}.Debug|Any CPU.Build.0 = Debug|Any CPU
		{88AB7311-78A6-482C-9DE7-97E0C68E5F60}.Debug|x64.ActiveCfg = Debug|Any CPU
		{88AB7311-78A6-482C-9DE7-97E0C68E5F60}.Debug|x64.Build.0 = Debug|Any CPU
		{88AB7311-78A6-482C-9DE7-97E0C68E5F60}.Debug|x86.ActiveCfg = Debug|Any CPU
		{88AB7311-78A6-482C-9DE7-97E0C68E5F60}.Debug|x86.Build.0 = Debug|Any CPU
		{88AB7311-78A6-482C-9DE7-97E0C68E5F60}.Release|Any CPU.ActiveCfg = Release|Any CPU
		{88AB7311-78A6-482C-9DE7-97E0C68E5F60}.Release|Any CPU.Build.0 = Release|Any CPU
		{88AB7311-78A6-482C-9DE7-97E0C68E5F60}.Release|x64.ActiveCfg = Release|Any CPU
		{88AB7311-78A6-482C-9DE7-97E0C68E5F60}.Release|x64.Build.0 = Release|Any CPU
		{88AB7311-78A6-482C-9DE7-97E0C68E5F60}.Release|x86.ActiveCfg = Release|Any CPU
		{88AB7311-78A6-482C-9DE7-97E0C68E5F60}.Release|x86.Build.0 = Release|Any CPU
	EndGlobalSection
	GlobalSection(NestedProjects) = preSolution
		{3C366AD2-6A8B-407F-B47D-804238CB1505} = {B6613CB9-15D8-4729-A166-492889F18D48}
		{5ADE18B7-0BFF-49D4-B593-0C79104164BD} = {3C366AD2-6A8B-407F-B47D-804238CB1505}
		{41050B96-81F7-4C47-8288-9B3CB4A05975} = {B6613CB9-15D8-4729-A166-492889F18D48}
		{7AFE21B5-7015-4E6A-8BB2-983A2DBBDC6B} = {41050B96-81F7-4C47-8288-9B3CB4A05975}
		{63A112F2-85AC-4AB4-A401-135C9CAF9D21} = {B6613CB9-15D8-4729-A166-492889F18D48}
		{88AB7311-78A6-482C-9DE7-97E0C68E5F60} = {63A112F2-85AC-4AB4-A401-135C9CAF9D21}
	EndGlobalSection
EndGlobal
